{
  "name": "project-calc",
  "version": "1.0.0",
  "lockfileVersion": 2,
  "requires": true,
  "packages": {
    "": {
      "name": "project-calc",
      "version": "1.0.0",
      "license": "ISC",
      "dependencies": {
        "@skymass/skymass": "^0.1.97",
        "dotenv": "^16.0.3"
      }
    },
    "node_modules/@grinstead/atomize": {
      "version": "0.1.13",
      "resolved": "https://registry.npmjs.org/@grinstead/atomize/-/atomize-0.1.13.tgz",
      "integrity": "sha512-9I1koRcb0RVuUirXypPXRRb2f/plr+weR1yiNLSKUW63qCjB0m+AOftxAI6T5M9GOXAlMBAc4sb3EJbRSyoYgQ=="
    },
    "node_modules/@skymass/skymass": {
      "version": "0.1.97",
      "resolved": "https://registry.npmjs.org/@skymass/skymass/-/skymass-0.1.97.tgz",
      "integrity": "sha512-Rf253VGjQFZBJoVZELLaoRjUpBewKEuu2S5Xm0wUDxMWUv2QVitoULeR8v+/ZMDaQBFtCjRjvlp/gALfhOXfMA==",
      "dependencies": {
        "@grinstead/atomize": "^0.1.13",
        "rxjs": "^7.5.6",
        "ws": "^8.4.2",
        "zod": "^3.19.1"
      }
    },
    "node_modules/dotenv": {
      "version": "16.0.3",
      "resolved": "https://registry.npmjs.org/dotenv/-/dotenv-16.0.3.tgz",
      "integrity": "sha512-7GO6HghkA5fYG9TYnNxi14/7K9f5occMlp3zXAuSxn7CKCxt9xbNWG7yF8hTCSUchlfWSe3uLmlPfigevRItzQ==",
      "engines": {
        "node": ">=12"
      }
    },
    "node_modules/rxjs": {
      "version": "7.8.0",
      "resolved": "https://registry.npmjs.org/rxjs/-/rxjs-7.8.0.tgz",
      "integrity": "sha512-F2+gxDshqmIub1KdvZkaEfGDwLNpPvk9Fs6LD/MyQxNgMds/WH9OdDDXOmxUZpME+iSK3rQCctkL0DYyytUqMg==",
      "dependencies": {
        "tslib": "^2.1.0"
      }
    },
    "node_modules/tslib": {
      "version": "2.4.1",
      "resolved": "https://registry.npmjs.org/tslib/-/tslib-2.4.1.tgz",
      "integrity": "sha512-tGyy4dAjRIEwI7BzsB0lynWgOpfqjUdq91XXAlIWD2OwKBH7oCl/GZG/HT4BOHrTlPMOASlMQ7veyTqpmRcrNA=="
    },
    "node_modules/ws": {
      "version": "8.11.0",
      "resolved": "https://registry.npmjs.org/ws/-/ws-8.11.0.tgz",
      "integrity": "sha512-HPG3wQd9sNQoT9xHyNCXoDUa+Xw/VevmY9FoHyQ+g+rrMn4j6FB4np7Z0OhdTgjx6MgQLK7jwSy1YecU1+4Asg==",
      "engines": {
        "node": ">=10.0.0"
      },
      "peerDependencies": {
        "bufferutil": "^4.0.1",
        "utf-8-validate": "^5.0.2"
      },
      "peerDependenciesMeta": {
        "bufferutil": {
          "optional": true
        },
        "utf-8-validate": {
          "optional": true
        }
      }
    },
    "node_modules/zod": {
      "version": "3.20.2",
      "resolved": "https://registry.npmjs.org/zod/-/zod-3.20.2.tgz",
      "integrity": "sha512-1MzNQdAvO+54H+EaK5YpyEy0T+Ejo/7YLHS93G3RnYWh5gaotGHwGeN/ZO687qEDU2y4CdStQYXVHIgrUl5UVQ==",
      "funding": {
        "url": "https://github.com/sponsors/colinhacks"
      }
    }
  },
  "dependencies": {
    "@grinstead/atomize": {
      "version": "0.1.13",
      "resolved": "https://registry.npmjs.org/@grinstead/atomize/-/atomize-0.1.13.tgz",
      "integrity": "sha512-9I1koRcb0RVuUirXypPXRRb2f/plr+weR1yiNLSKUW63qCjB0m+AOftxAI6T5M9GOXAlMBAc4sb3EJbRSyoYgQ=="
    },
    "@skymass/skymass": {
      "version": "0.1.97",
      "resolved": "https://registry.npmjs.org/@skymass/skymass/-/skymass-0.1.97.tgz",
      "integrity": "sha512-Rf253VGjQFZBJoVZELLaoRjUpBewKEuu2S5Xm0wUDxMWUv2QVitoULeR8v+/ZMDaQBFtCjRjvlp/gALfhOXfMA==",
      "requires": {
        "@grinstead/atomize": "^0.1.13",
        "rxjs": "^7.5.6",
        "ws": "^8.4.2",
        "zod": "^3.19.1"
      }
    },
    "dotenv": {
      "version": "16.0.3",
      "resolved": "https://registry.npmjs.org/dotenv/-/dotenv-16.0.3.tgz",
      "integrity": "sha512-7GO6HghkA5fYG9TYnNxi14/7K9f5occMlp3zXAuSxn7CKCxt9xbNWG7yF8hTCSUchlfWSe3uLmlPfigevRItzQ=="
    },
    "rxjs": {
      "version": "7.8.0",
      "resolved": "https://registry.npmjs.org/rxjs/-/rxjs-7.8.0.tgz",
      "integrity": "sha512-F2+gxDshqmIub1KdvZkaEfGDwLNpPvk9Fs6LD/MyQxNgMds/WH9OdDDXOmxUZpME+iSK3rQCctkL0DYyytUqMg==",
      "requires": {
        "tslib": "^2.1.0"
      }
    },
    "tslib": {
      "version": "2.4.1",
      "resolved": "https://registry.npmjs.org/tslib/-/tslib-2.4.1.tgz",
      "integrity": "sha512-tGyy4dAjRIEwI7BzsB0lynWgOpfqjUdq91XXAlIWD2OwKBH7oCl/GZG/HT4BOHrTlPMOASlMQ7veyTqpmRcrNA=="
    },
    "ws": {
      "version": "8.11.0",
      "resolved": "https://registry.npmjs.org/ws/-/ws-8.11.0.tgz",
      "integrity": "sha512-HPG3wQd9sNQoT9xHyNCXoDUa+Xw/VevmY9FoHyQ+g+rrMn4j6FB4np7Z0OhdTgjx6MgQLK7jwSy1YecU1+4Asg==",
      "requires": {}
    },
    "zod": {
      "version": "3.20.2",
      "resolved": "https://registry.npmjs.org/zod/-/zod-3.20.2.tgz",
      "integrity": "sha512-1MzNQdAvO+54H+EaK5YpyEy0T+Ejo/7YLHS93G3RnYWh5gaotGHwGeN/ZO687qEDU2y4CdStQYXVHIgrUl5UVQ=="
    }
  }
}
